Microsoft Visual Studio Solution File, Format Version 10.00
# Visual Studio 2008
Project("{8BC9CEB8-8B4A-11D0-8D11-00A0C91BC942}") = "QDeviceWatcher", "src\QDeviceWatcher.vcproj", "{FA2E1C5D-8F5A-3622-AE23-E63078D7468C}"
EndProject
Project("{8BC9CEB8-8B4A-11D0-8D11-00A0C91BC942}") = "hotplugwatcher", "test\hotplugwatcher.vcproj", "{BA130713-13E3-3612-ACFE-629A9C00089E}"
	ProjectSection(ProjectDependencies) = postProject
		{FA2E1C5D-8F5A-3622-AE23-E63078D7468C} = {FA2E1C5D-8F5A-3622-AE23-E63078D7468C}
	EndProjectSection
EndProject
Project("{8BC9CEB8-8B4A-11D0-8D11-00A0C91BC942}") = "hotplugwatcher_gui", "test\hotplugwatcher_gui.vcproj", "{5A2B2B4A-E7DA-39D2-A890-C1800B40FCEE}"
	ProjectSection(ProjectDependencies) = postProject
		{FA2E1C5D-8F5A-3622-AE23-E63078D7468C} = {FA2E1C5D-8F5A-3622-AE23-E63078D7468C}
	EndProjectSection
EndProject
Global
	GlobalSection(SolutionConfigurationPlatforms) = preSolution
		Debug|Win32 = Debug|Win32
		Debug|Windows Mobile 6 Professional SDK (ARMV4I) = Debug|Windows Mobile 6 Professional SDK (ARMV4I)
		Release|Win32 = Release|Win32
		Release|Windows Mobile 6 Professional SDK (ARMV4I) = Release|Windows Mobile 6 Professional SDK (ARMV4I)
	EndGlobalSection
	GlobalSection(ProjectConfigurationPlatforms) = postSolution
		{FA2E1C5D-8F5A-3622-AE23-E63078D7468C}.Debug|Win32.ActiveCfg = Debug|Win32
		{FA2E1C5D-8F5A-3622-AE23-E63078D7468C}.Debug|Win32.Build.0 = Debug|Win32
		{FA2E1C5D-8F5A-3622-AE23-E63078D7468C}.Debug|Windows Mobile 6 Professional SDK (ARMV4I).ActiveCfg = Debug|Windows Mobile 6 Professional SDK (ARMV4I)
		{FA2E1C5D-8F5A-3622-AE23-E63078D7468C}.Debug|Windows Mobile 6 Professional SDK (ARMV4I).Build.0 = Debug|Windows Mobile 6 Professional SDK (ARMV4I)
		{FA2E1C5D-8F5A-3622-AE23-E63078D7468C}.Debug|Windows Mobile 6 Professional SDK (ARMV4I).Deploy.0 = Debug|Windows Mobile 6 Professional SDK (ARMV4I)
		{FA2E1C5D-8F5A-3622-AE23-E63078D7468C}.Release|Win32.ActiveCfg = Release|Win32
		{FA2E1C5D-8F5A-3622-AE23-E63078D7468C}.Release|Win32.Build.0 = Release|Win32
		{FA2E1C5D-8F5A-3622-AE23-E63078D7468C}.Release|Windows Mobile 6 Professional SDK (ARMV4I).ActiveCfg = Release|Windows Mobile 6 Professional SDK (ARMV4I)
		{FA2E1C5D-8F5A-3622-AE23-E63078D7468C}.Release|Windows Mobile 6 Professional SDK (ARMV4I).Build.0 = Release|Windows Mobile 6 Professional SDK (ARMV4I)
		{FA2E1C5D-8F5A-3622-AE23-E63078D7468C}.Release|Windows Mobile 6 Professional SDK (ARMV4I).Deploy.0 = Release|Windows Mobile 6 Professional SDK (ARMV4I)
		{BA130713-13E3-3612-ACFE-629A9C00089E}.Debug|Win32.ActiveCfg = Debug|Win32
		{BA130713-13E3-3612-ACFE-629A9C00089E}.Debug|Win32.Build.0 = Debug|Win32
		{BA130713-13E3-3612-ACFE-629A9C00089E}.Debug|Windows Mobile 6 Professional SDK (ARMV4I).ActiveCfg = Debug|Windows Mobile 6 Professional SDK (ARMV4I)
		{BA130713-13E3-3612-ACFE-629A9C00089E}.Debug|Windows Mobile 6 Professional SDK (ARMV4I).Build.0 = Debug|Windows Mobile 6 Professional SDK (ARMV4I)
		{BA130713-13E3-3612-ACFE-629A9C00089E}.Debug|Windows Mobile 6 Professional SDK (ARMV4I).Deploy.0 = Debug|Windows Mobile 6 Professional SDK (ARMV4I)
		{BA130713-13E3-3612-ACFE-629A9C00089E}.Release|Win32.ActiveCfg = Release|Win32
		{BA130713-13E3-3612-ACFE-629A9C00089E}.Release|Win32.Build.0 = Release|Win32
		{BA130713-13E3-3612-ACFE-629A9C00089E}.Release|Windows Mobile 6 Professional SDK (ARMV4I).ActiveCfg = Release|Windows Mobile 6 Professional SDK (ARMV4I)
		{BA130713-13E3-3612-ACFE-629A9C00089E}.Release|Windows Mobile 6 Professional SDK (ARMV4I).Build.0 = Release|Windows Mobile 6 Professional SDK (ARMV4I)
		{BA130713-13E3-3612-ACFE-629A9C00089E}.Release|Windows Mobile 6 Professional SDK (ARMV4I).Deploy.0 = Release|Windows Mobile 6 Professional SDK (ARMV4I)
		{5A2B2B4A-E7DA-39D2-A890-C1800B40FCEE}.Debug|Win32.ActiveCfg = Debug|Win32
		{5A2B2B4A-E7DA-39D2-A890-C1800B40FCEE}.Debug|Win32.Build.0 = Debug|Win32
		{5A2B2B4A-E7DA-39D2-A890-C1800B40FCEE}.Debug|Windows Mobile 6 Professional SDK (ARMV4I).ActiveCfg = Debug|Windows Mobile 6 Professional SDK (ARMV4I)
		{5A2B2B4A-E7DA-39D2-A890-C1800B40FCEE}.Debug|Windows Mobile 6 Professional SDK (ARMV4I).Build.0 = Debug|Windows Mobile 6 Professional SDK (ARMV4I)
		{5A2B2B4A-E7DA-39D2-A890-C1800B40FCEE}.Debug|Windows Mobile 6 Professional SDK (ARMV4I).Deploy.0 = Debug|Windows Mobile 6 Professional SDK (ARMV4I)
		{5A2B2B4A-E7DA-39D2-A890-C1800B40FCEE}.Release|Win32.ActiveCfg = Release|Win32
		{5A2B2B4A-E7DA-39D2-A890-C1800B40FCEE}.Release|Win32.Build.0 = Release|Win32
		{5A2B2B4A-E7DA-39D2-A890-C1800B40FCEE}.Release|Windows Mobile 6 Professional SDK (ARMV4I).ActiveCfg = Release|Windows Mobile 6 Professional SDK (ARMV4I)
		{5A2B2B4A-E7DA-39D2-A890-C1800B40FCEE}.Release|Windows Mobile 6 Professional SDK (ARMV4I).Build.0 = Release|Windows Mobile 6 Professional SDK (ARMV4I)
		{5A2B2B4A-E7DA-39D2-A890-C1800B40FCEE}.Release|Windows Mobile 6 Professional SDK (ARMV4I).Deploy.0 = Release|Windows Mobile 6 Professional SDK (ARMV4I)
	EndGlobalSection
	GlobalSection(SolutionProperties) = preSolution
		HideSolutionNode = FALSE
	EndGlobalSection
	GlobalSection(ExtensibilityGlobals) = postSolution
		QtVersion = 4.8.0 x86
	EndGlobalSection
EndGlobal
